github.com/antlr/antlr4 v0.0.0-20190623224521-a770ff26ccc4 h1:+sJdmEMxyZwqPzKpJy3tsdpclRN/7k2yonC9UT4TYMo=
github.com/antlr/antlr4 v0.0.0-20190623224521-a770ff26ccc4/go.mod h1:T7PbCXFs94rrTttyxjbyT5+/1V8T2TYDejxUfHJjw1Y=
github.com/davecgh/go-spew v1.1.1 h1:vj9j/u1bqnvCEfJOwUhtlOARqs3+rkHYY13jYWTU97c=
github.com/davecgh/go-spew v1.1.1/go.mod h1:J7Y8YcW2NihsgmVo/mv3lAwl/skON4iLHjSsI+c5H38=
github.com/golang/glog v0.0.0-20160126235308-23def4e6c14b h1:VKtxabqXZkF25pY9ekfRL6a582T4P37/31XEstQ5p58=
github.com/golang/glog v0.0.0-20160126235308-23def4e6c14b/go.mod h1:SBH7ygxi8pfUlaOkMMuAQtPIUF8ecWP5IEl/CR7VP2Q=
github.com/golang/protobuf v1.3.1 h1:YF8+flBXS5eO826T4nzqPrxfhQThhXl0YzfuUPu4SBg=
github.com/golang/protobuf v1.3.1/go.mod h1:6lQm79b+lXiMfvg/cZm0SGofjICqVBUtrP5yJMmIC1U=
github.com/golangq/q v1.0.7 h1:fdyS9pAWgiMPYUM9+Hod8Fn4RyQybBaMph8X9pqNeM0=
github.com/golangq/q v1.0.7/go.mod h1:CoP6YfrEL11Sn5miXToGryX6wvIJzRC4TOU2X+VFZJQ=
github.com/hashicorp/errwrap v1.0.0 h1:hLrqtEDnRye3+sgx6z4qVLNuviH3MR5aQ0ykNJa/UYA=
github.com/hashicorp/errwrap v1.0.0/go.mod h1:YH+1FKiLXxHSkmPseP+kNlulaMuP3n2brvKWEqk/Jc4=
github.com/hashicorp/go-multierror v1.0.0 h1:iVjPR7a6H0tWELX5NxNe7bYopibicUzc7uPribsnS6o=
github.com/hashicorp/go-multierror v1.0.0/go.mod h1:dHtQlpGsu+cZNNAkkCN/P3hoUDHhCYQXV3UM06sGGrk=
github.com/jpillora/opts v1.0.5 h1:anoRfW5GWTUh1gLtJZlPlNYsyitkewY2zedUsVLhwkA=
github.com/jpillora/opts v1.0.5/go.mod h1:7p7X/vlpKZmtaDFYKs956EujFqA6aCrOkcCaS6UBcR4=
github.com/posener/complete v1.2.2-0.20190308074557-af07aa5181b3 h1:GqpA1/5oN1NgsxoSA4RH0YWTaqvUlQNeOpHXD/JRbOQ=
github.com/posener/complete v1.2.2-0.20190308074557-af07aa5181b3/go.mod h1:6gapUrK/U1TAN7ciCoNRIdVC5sbdBTUh1DKN0g6uH7E=
github.com/wxio/goantlr v0.0.0-20190305104207-374a84528c8e h1:kN3YauMQO0M0w5tu1HmAMAciWR84RsMBV5ZCvPbrwWs=
github.com/wxio/goantlr v0.0.0-20190305104207-374a84528c8e/go.mod h1:eiJFRvVqhWHHFL/xCfD4vM4MdC3wErF6uAGNU/arMh4=
github.com/wxio/goantlr v0.0.0-20190624051626-116617327c90 h1:U2UY8hkFmO/LInC8kncQOv4CofNTM93/LLUkEVaH/Qk=
github.com/wxio/goantlr v0.0.0-20190624051626-116617327c90/go.mod h1:pLdPrFDy+6XIrueD5DWjVFLHOb4+bmIL4ukIOruRtAg=
github.com/wxio/goantlr v0.0.0-20190702081727-81f7b4bff96e h1:2p+3wcbhmxYl6oRR8LnzLklZ6TftiT+q8w9U3qayUi0=
github.com/wxio/goantlr v0.0.0-20190702081727-81f7b4bff96e/go.mod h1:pLdPrFDy+6XIrueD5DWjVFLHOb4+bmIL4ukIOruRtAg=
github.com/wxio/tools v0.0.1 h1:3cVISXprFt6641MhbFTNqwqij3k1IBPO/nO+G4X5cKY=
github.com/wxio/tools v0.0.1/go.mod h1:LCzVGOaR6xXOjkQ3onu1FJEFr0SW1gC7cKk1uF8kGRs=
github.com/wxio/tools v0.1.0 h1:0wzGd9SumzrZK05m7gWT2SPAg5pAkBpFM/FwSVLwFvs=
github.com/wxio/tools v0.1.0/go.mod h1:LCzVGOaR6xXOjkQ3onu1FJEFr0SW1gC7cKk1uF8kGRs=
github.com/wxio/tron v0.0.0-20190627152724-d8407701ac60 h1:A5Jr5BtoLfYJ/wE2guzriwGQAvHydtOPxY33jg/ISJs=
github.com/wxio/tron v0.0.0-20190627152724-d8407701ac60/go.mod h1:GNjcCFWPn7AZuklY7Ej4EzIXyYIxvk1V/KwcadBS0BA=
github.com/wxio/wxb v0.0.1 h1:0lNsziQCBF6ql2ZV7htf5dwquMjDNJAwFEiwEp0Hv8g=
golang.org/x/crypto v0.0.0-20190308221718-c2843e01d9a2/go.mod h1:djNgcEr1/C05ACkg1iLfiJU5Ep61QUkGW8qpdssI0+w=
golang.org/x/net v0.0.0-20190311183353-d8887717615a/go.mod h1:t9HGtf8HONx5eT2rtn7q6eTqICYqUVnKs3thJo3Qplg=
golang.org/x/sys v0.0.0-20190215142949-d0b11bdaac8a/go.mod h1:STP8DvDyc/dI5b8T5hshtkjS+E42TnysNCUPdjciGhY=
golang.org/x/text v0.3.0/go.mod h1:NqM8EUOU14njkJ3fqMW+pc6Ldnwhi/IjpwHt7yyuwOQ=
